{
  "requires": true,
  "lockfileVersion": 1,
  "dependencies": {
    "ming_node": {
      "version": "2.2.3",
      "resolved": "https://registry.npmjs.org/ming_node/-/ming_node-2.2.3.tgz",
      "integrity": "sha512-olyb2H/SISGU8oUwt8BxLt74iDlF+perN+SR8/qJ1QMlmRG/HGtd0ElF/CuRg3XvkdR2Zf1OtZ7tRjNHBw7YBA=="
    }
  }
}
